// !$*UTF8*$!
{
	archiveVersion = 1;
	classes = {
	};
	objectVersion = 46;
	objects = {

/* Begin PBXBuildFile section */
		CDC804F01D91EB1E00B401E8 /* AppDelegate.swift in Sources */ = {isa = PBXBuildFile; fileRef = CDC804EF1D91EB1E00B401E8 /* AppDelegate.swift */; };
		CDC804F21D91EB1E00B401E8 /* ViewController.swift in Sources */ = {isa = PBXBuildFile; fileRef = CDC804F11D91EB1E00B401E8 /* ViewController.swift */; };
		CDC804F51D91EB1E00B401E8 /* Main.storyboard in Resources */ = {isa = PBXBuildFile; fileRef = CDC804F31D91EB1E00B401E8 /* Main.storyboard */; };
		CDC804F71D91EB1E00B401E8 /* Assets.xcassets in Resources */ = {isa = PBXBuildFile; fileRef = CDC804F61D91EB1E00B401E8 /* Assets.xcassets */; };
		CDC804FA1D91EB1E00B401E8 /* LaunchScreen.storyboard in Resources */ = {isa = PBXBuildFile; fileRef = CDC804F81D91EB1E00B401E8 /* LaunchScreen.storyboard */; };
/* End PBXBuildFile section */

/* Begin PBXFileReference section */
		CDC804EC1D91EB1E00B401E8 /* stackview.app */ = {isa = PBXFileReference; explicitFileType = wrapper.application; includeInIndex = 0; path = stackview.app; sourceTree = BUILT_PRODUCTS_DIR; };
		CDC804EF1D91EB1E00B401E8 /* AppDelegate.swift */ = {isa = PBXFileReference; lastKnownFileType = sourcecode.swift; path = AppDelegate.swift; sourceTree = "<group>"; };
		CDC804F11D91EB1E00B401E8 /* ViewController.swift */ = {isa = PBXFileReference; lastKnownFileType = sourcecode.swift; path = ViewController.swift; sourceTree = "<group>"; };
		CDC804F41D91EB1E00B401E8 /* Base */ = {isa = PBXFileReference; lastKnownFileType = file.storyboard; name = Base; path = Base.lproj/Main.storyboard; sourceTree = "<group>"; };
		CDC804F61D91EB1E00B401E8 /* Assets.xcassets */ = {isa = PBXFileReference; lastKnownFileType = folder.assetcatalog; path = Assets.xcassets; sourceTree = "<group>"; };
		CDC804F91D91EB1E00B401E8 /* Base */ = {isa = PBXFileReference; lastKnownFileType = file.storyboard; name = Base; path = Base.lproj/LaunchScreen.storyboard; sourceTree = "<group>"; };
		CDC804FB1D91EB1E00B401E8 /* Info.plist */ = {isa = PBXFileReference; lastKnownFileType = text.plist.xml; path = Info.plist; sourceTree = "<group>"; };
/* End PBXFileReference section */

/* Begin PBXFrameworksBuildPhase section */
		CDC804E91D91EB1E00B401E8 /* Frameworks */ = {
			isa = PBXFrameworksBuildPhase;
			buildActionMask = 2147483647;
			files = (
			);
			runOnlyForDeploymentPostprocessing = 0;
		};
/* End PBXFrameworksBuildPhase section */

/* Begin PBXGroup section */
		CDC804E31D91EB1E00B401E8 = {
			isa = PBXGroup;
			children = (
				CDC804EE1D91EB1E00B401E8 /* stackview */,
				CDC804ED1D91EB1E00B401E8 /* Products */,
			);
			sourceTree = "<group>";
		};
		CDC804ED1D91EB1E00B401E8 /* Products */ = {
			isa = PBXGroup;
			children = (
				CDC804EC1D91EB1E00B401E8 /* stackview.app */,
			);
			name = Products;
			sourceTree = "<group>";
		};
		CDC804EE1D91EB1E00B401E8 /* stackview */ = {
			isa = PBXGroup;
			children = (
				CDC804EF1D91EB1E00B401E8 /* AppDelegate.swift */,
				CDC804F11D91EB1E00B401E8 /* ViewController.swift */,
				CDC804F31D91EB1E00B401E8 /* Main.storyboard */,
				CDC804F61D91EB1E00B401E8 /* Assets.xcassets */,
				CDC804F81D91EB1E00B401E8 /* LaunchScreen.storyboard */,
				CDC804FB1D91EB1E00B401E8 /* Info.plist */,
			);
			path = stackview;
			sourceTree = "<group>";
		};
/* End PBXGroup section */

/* Begin PBXNativeTarget section */
		CDC804EB1D91EB1E00B401E8 /* stackview */ = {
			isa = PBXNativeTarget;
			buildConfigurationList = CDC804FE1D91EB1E00B401E8 /* Build configuration list for PBXNativeTarget "stackview" */;
			buildPhases = (
				CDC804E81D91EB1E00B401E8 /* Sources */,
				CDC804E91D91EB1E00B401E8 /* Frameworks */,
				CDC804EA1D91EB1E00B401E8 /* Resources */,
			);
			buildRules = (
			);
			dependencies = (
			);
			name = stackview;
			productName = stackview;
			productReference = CDC804EC1D91EB1E00B401E8 /* stackview.app */;
			productType = "com.apple.product-type.application";
		};
/* End PBXNativeTarget section */

/* Begin PBXProject section */
		CDC804E41D91EB1E00B401E8 /* Project object */ = {
			isa = PBXProject;
			attributes = {
				LastSwiftUpdateCheck = 0800;
				LastUpgradeCheck = 0800;
				ORGANIZATIONNAME = "Sam Jones";
				TargetAttributes = {
					CDC804EB1D91EB1E00B401E8 = {
						CreatedOnToolsVersion = 8.0;
						DevelopmentTeam = C42YWMHWSL;
						ProvisioningStyle = Automatic;
					};
				};
			};
			buildConfigurationList = CDC804E71D91EB1E00B401E8 /* Build configuration list for PBXProject "stackview" */;
			compatibilityVersion = "Xcode 3.2";
			developmentRegion = English;
			hasScannedForEncodings = 0;
			knownRegions = (
				en,
				Base,
			);
			mainGroup = CDC804E31D91EB1E00B401E8;
			productRefGroup = CDC804ED1D91EB1E00B401E8 /* Products */;
			projectDirPath = "";
			projectRoot = "";
			targets = (
				CDC804EB1D91EB1E00B401E8 /* stackview */,
			);
		};
/* End PBXProject section */

/* Begin PBXResourcesBuildPhase section */
		CDC804EA1D91EB1E00B401E8 /* Resources */ = {
			isa = PBXResourcesBuildPhase;
			buildActionMask = 2147483647;
			files = (
				CDC804FA1D91EB1E00B401E8 /* LaunchScreen.storyboard in Resources */,
				CDC804F71D91EB1E00B401E8 /* Assets.xcassets in Resources */,
				CDC804F51D91EB1E00B401E8 /* Main.storyboard in Resources */,
			);
			runOnlyForDeploymentPostprocessing = 0;
		};
/* End PBXResourcesBuildPhase section */

/* Begin PBXSourcesBuildPhase section */
		CDC804E81D91EB1E00B401E8 /* Sources */ = {
			isa = PBXSourcesBuildPhase;
			buildActionMask = 2147483647;
			files = (
				CDC804F21D91EB1E00B401E8 /* ViewController.swift in Sources */,
				CDC804F01D91EB1E00B401E8 /* AppDelegate.swift in Sources */,
			);
			runOnlyForDeploymentPostprocessing = 0;
		};
/* End PBXSourcesBuildPhase section */

/* Begin PBXVariantGroup section */
		CDC804F31D91EB1E00B401E8 /* Main.storyboard */ = {
			isa = PBXVariantGroup;
			children = (
				CDC804F41D91EB1E00B401E8 /* Base */,
			);
			name = Main.storyboard;
			sourceTree = "<group>";
		};
		CDC804F81D91EB1E00B401E8 /* LaunchScreen.storyboard */ = {
			isa = PBXVariantGroup;
			children = (
				CDC804F91D91EB1E00B401E8 /* Base */,
			);
			name = LaunchScreen.storyboard;
			sourceTree = "<group>";
		};
/* End PBXVariantGroup section */

/* Begin XCBuildConfiguration section */
		CDC804FC1D91EB1E00B401E8 /* Debug */ = {
			isa = XCBuildConfiguration;
			buildSettings = {
				ALWAYS_SEARCH_USER_PATHS = NO;
				CLANG_ANALYZER_NONNULL = YES;
				CLANG_CXX_LANGUAGE_STANDARD = "gnu++0x";
				CLANG_CXX_LIBRARY = "libc++";
				CLANG_ENABLE_MODULES = YES;
				CLANG_ENABLE_OBJC_ARC = YES;
				CLANG_WARN_BOOL_CONVERSION = YES;
				CLANG_WARN_CONSTANT_CONVERSION = YES;
				CLANG_WARN_DIRECT_OBJC_ISA_USAGE = YES_ERROR;
				CLANG_WARN_DOCUMENTATION_COMMENTS = YES;
				CLANG_WARN_EMPTY_BODY = YES;
				CLANG_WARN_ENUM_CONVERSION = YES;
				CLANG_WARN_INFINITE_RECURSION = YES;
				CLANG_WARN_INT_CONVERSION = YES;
				CLANG_WARN_OBJC_ROOT_CLASS = YES_ERROR;
				CLANG_WARN_SUSPICIOUS_MOVES = YES;
				CLANG_WARN_UNREACHABLE_CODE = YES;
				CLANG_WARN__DUPLICATE_METHOD_MATCH = YES;
				"CODE_SIGN_IDENTITY[sdk=iphoneos*]" = "iPhone Developer";
				COPY_PHASE_STRIP = NO;
				DEBUG_INFORMATION_FORMAT = dwarf;
				ENABLE_STRICT_OBJC_MSGSEND = YES;
				ENABLE_TESTABILITY = YES;
				GCC_C_LANGUAGE_STANDARD = gnu99;
				GCC_DYNAMIC_NO_PIC = NO;
				GCC_NO_COMMON_BLOCKS = YES;
				GCC_OPTIMIZATION_LEVEL = 0;
				GCC_PREPROCESSOR_DEFINITIONS = (
					"DEBUG=1",
					"$(inherited)",
				);
				GCC_WARN_64_TO_32_BIT_CONVERSION = YES;
				GCC_WARN_ABOUT_RETURN_TYPE = YES_ERROR;
				GCC_WARN_UNDECLARED_SELECTOR = YES;
				GCC_WARN_UNINITIALIZED_AUTOS = YES_AGGRESSIVE;
				GCC_WARN_UNUSED_FUNCTION = YES;
				GCC_WARN_UNUSED_VARIABLE = YES;
				IPHONEOS_DEPLOYMENT_TARGET = 10.0;
				MTL_ENABLE_DEBUG_INFO = YES;
				ONLY_ACTIVE_ARCH = YES;
				SDKROOT = iphoneos;
				SWIFT_ACTIVE_COMPILATION_CONDITIONS = DEBUG;
				SWIFT_OPTIMIZATION_LEVEL = "-Onone";
				TARGETED_DEVICE_FAMILY = "1,2";
			};
			name = Debug;
		};
		CDC804FD1D91EB1E00B401E8 /* Release */ = {
			isa = XCBuildConfiguration;
			buildSettings = {
				ALWAYS_SEARCH_USER_PATHS = NO;
				CLANG_ANALYZER_NONNULL = YES;
				CLANG_CXX_LANGUAGE_STANDARD = "gnu++0x";
				CLANG_CXX_LIBRARY = "libc++";
				CLANG_ENABLE_MODULES = YES;
				CLANG_ENABLE_OBJC_ARC = YES;
				CLANG_WARN_BOOL_CONVERSION = YES;
				CLANG_WARN_CONSTANT_CONVERSION = YES;
				CLANG_WARN_DIRECT_OBJC_ISA_USAGE = YES_ERROR;
				CLANG_WARN_DOCUMENTATION_COMMENTS = YES;
				CLANG_WARN_EMPTY_BODY = YES;
				CLANG_WARN_ENUM_CONVERSION = YES;
				CLANG_WARN_INFINITE_RECURSION = YES;
				CLANG_WARN_INT_CONVERSION = YES;
				CLANG_WARN_OBJC_ROOT_CLASS = YES_ERROR;
				CLANG_WARN_SUSPICIOUS_MOVES = YES;
				CLANG_WARN_UNREACHABLE_CODE = YES;
				CLANG_WARN__DUPLICATE_METHOD_MATCH = YES;
				"CODE_SIGN_IDENTITY[sdk=iphoneos*]" = "iPhone Developer";
				COPY_PHASE_STRIP = NO;
				DEBUG_INFORMATION_FORMAT = "dwarf-with-dsym";
				ENABLE_NS_ASSERTIONS = NO;
				ENABLE_STRICT_OBJC_MSGSEND = YES;
				GCC_C_LANGUAGE_STANDARD = gnu99;
				GCC_NO_COMMON_BLOCKS = YES;
				GCC_WARN_64_TO_32_BIT_CONVERSION = YES;
				GCC_WARN_ABOUT_RETURN_TYPE = YES_ERROR;
				GCC_WARN_UNDECLARED_SELECTOR = YES;
				GCC_WARN_UNINITIALIZED_AUTOS = YES_AGGRESSIVE;
				GCC_WARN_UNUSED_FUNCTION = YES;
				GCC_WARN_UNUSED_VARIABLE = YES;
				IPHONEOS_DEPLOYMENT_TARGET = 10.0;
				MTL_ENABLE_DEBUG_INFO = NO;
				SDKROOT = iphoneos;
				SWIFT_OPTIMIZATION_LEVEL = "-Owholemodule";
				TARGETED_DEVICE_FAMILY = "1,2";
				VALIDATE_PRODUCT = YES;
			};
			name = Release;
		};
		CDC804FF1D91EB1E00B401E8 /* Debug */ = {
			isa = XCBuildConfiguration;
			buildSettings = {
				ASSETCATALOG_COMPILER_APPICON_NAME = AppIcon;
				DEVELOPMENT_TEAM = C42YWMHWSL;
				INFOPLIST_FILE = stackview/Info.plist;
				LD_RUNPATH_SEARCH_PATHS = "$(inherited) @executable_path/Frameworks";
				PRODUCT_BUNDLE_IDENTIFIER = com.test.stackview;
				PRODUCT_NAME = "$(TARGET_NAME)";
				SWIFT_VERSION = 3.0;
				TARGETED_DEVICE_FAMILY = "1,2";
			};
			name = Debug;
		};
		CDC805001D91EB1E00B401E8 /* Release */ = {
			isa = XCBuildConfiguration;
			buildSettings = {
				ASSETCATALOG_COMPILER_APPICON_NAME = AppIcon;
				DEVELOPMENT_TEAM = C42YWMHWSL;
				INFOPLIST_FILE = stackview/Info.plist;
				LD_RUNPATH_SEARCH_PATHS = "$(inherited) @executable_path/Frameworks";
				PRODUCT_BUNDLE_IDENTIFIER = com.test.stackview;
				PRODUCT_NAME = "$(TARGET_NAME)";
				SWIFT_VERSION = 3.0;
				TARGETED_DEVICE_FAMILY = "1,2";
			};
			name = Release;
		};
/* End XCBuildConfiguration section */

/* Begin XCConfigurationList section */
		CDC804E71D91EB1E00B401E8 /* Build configuration list for PBXProject "stackview" */ = {
			isa = XCConfigurationList;
			buildConfigurations = (
				CDC804FC1D91EB1E00B401E8 /* Debug */,
				CDC804FD1D91EB1E00B401E8 /* Release */,
			);
			defaultConfigurationIsVisible = 0;
			defaultConfigurationName = Release;
		};
		CDC804FE1D91EB1E00B401E8 /* Build configuration list for PBXNativeTarget "stackview" */ = {
			isa = XCConfigurationList;
			buildConfigurations = (
				CDC804FF1D91EB1E00B401E8 /* Debug */,
				CDC805001D91EB1E00B401E8 /* Release */,
			);
			defaultConfigurationIsVisible = 0;
		};
/* End XCConfigurationList section */
	};
	rootObject = CDC804E41D91EB1E00B401E8 /* Project object */;
}
